
Microsoft Visual Studio Solution File, Format Version 12.00
# Visual Studio Version 16
VisualStudioVersion = 16.0.32106.194
MinimumVisualStudioVersion = 10.0.40219.1
Project("{F184B08F-C81C-45F6-A57F-5ABD9991F28F}") = "Bulmer Latte", "Bulmer Latte.vbproj", "{B7B4AB88-798C-4119-A431-EC7390E753C3}"
EndProject
Global
	GlobalSection(SolutionConfigurationPlatforms) = preSolution
		Debug|Any CPU = Debug|Any CPU
		Release|Any CPU = Release|Any CPU
	EndGlobalSection
	GlobalSection(ProjectConfigurationPlatforms) = postSolution
		{B7B4AB88-798C-4119-A431-EC7390E753C3}.Debug|Any CPU.ActiveCfg = Debug|Any CPU
		{B7B4AB88-798C-4119-A431-EC7390E753C3}.Debug|Any CPU.Build.0 = Debug|Any CPU
		{B7B4AB88-798C-4119-A431-EC7390E753C3}.Release|Any CPU.ActiveCfg = Release|Any CPU
		{B7B4AB88-798C-4119-A431-EC7390E753C3}.Release|Any CPU.Build.0 = Release|Any CPU
	EndGlobalSection
	GlobalSection(SolutionProperties) = preSolution
		HideSolutionNode = FALSE
	EndGlobalSection
	GlobalSection(ExtensibilityGlobals) = postSolution
		SolutionGuid = {A6C86DC3-3937-4657-8756-810EBABAECB1}
	EndGlobalSection
EndGlobal
